
Microsoft Visual Studio Solution File, Format Version 12.00
Project("{FAE04EC0-301F-11D3-BF4B-00C04F79EFBC}") = "WebApplication4", "WebApplication4.csproj", "{553E5978-1837-4385-9413-3D938A5BACBB}"
EndProject
Global
	GlobalSection(SolutionConfigurationPlatforms) = preSolution
		Debug|Any CPU = Debug|Any CPU
		Release|Any CPU = Release|Any CPU
	EndGlobalSection
	GlobalSection(ProjectConfigurationPlatforms) = postSolution
		{553E5978-1837-4385-9413-3D938A5BACBB}.Debug|Any CPU.ActiveCfg = Debug|Any CPU
		{553E5978-1837-4385-9413-3D938A5BACBB}.Debug|Any CPU.Build.0 = Debug|Any CPU
		{553E5978-1837-4385-9413-3D938A5BACBB}.Release|Any CPU.ActiveCfg = Release|Any CPU
		{553E5978-1837-4385-9413-3D938A5BACBB}.Release|Any CPU.Build.0 = Release|Any CPU
	EndGlobalSection
EndGlobal
